github.com/aristanetworks/glog v0.0.0-20260527180128-d379de0f53a8 h1:WFly3GWKujXCXijNx4JZqSb1S5WvQYgqdqHLEKAvY10=
github.com/aristanetworks/glog v0.0.0-20260527180128-d379de0f53a8/go.mod h1:KP8oZjhxl/wAgacW+ictxC6v3M17FcJ7Ka/nszwPXGQ=
golang.org/x/time v0.15.0 h1:bbrp8t3bGUeFOx08pvsMYRTCVSMk89u4tKbNOZbp88U=
golang.org/x/time v0.15.0/go.mod h1:Y4YMaQmXwGQZoFaVFk4YpCt4FLQMYKZe9oeV/f4MSno=
